
Microsoft Visual Studio Solution File, Format Version 12.00
# Visual Studio Version 17
VisualStudioVersion = 17.6.33815.320
MinimumVisualStudioVersion = 10.0.40219.1
Project("{9A19103F-16F7-4668-BE54-9A1E7A4F7556}") = "SIMSAPI", "SIMSAPI\SIMSAPI.csproj", "{CF35E6BB-C2DF-4659-8A73-07847AD57B24}"
EndProject
Global
	GlobalSection(SolutionConfigurationPlatforms) = preSolution
		Debug|Any CPU = Debug|Any CPU
		Release|Any CPU = Release|Any CPU
	EndGlobalSection
	GlobalSection(ProjectConfigurationPlatforms) = postSolution
		{CF35E6BB-C2DF-4659-8A73-07847AD57B24}.Debug|Any CPU.ActiveCfg = Debug|Any CPU
		{CF35E6BB-C2DF-4659-8A73-07847AD57B24}.Debug|Any CPU.Build.0 = Debug|Any CPU
		{CF35E6BB-C2DF-4659-8A73-07847AD57B24}.Release|Any CPU.ActiveCfg = Release|Any CPU
		{CF35E6BB-C2DF-4659-8A73-07847AD57B24}.Release|Any CPU.Build.0 = Release|Any CPU
	EndGlobalSection
	GlobalSection(SolutionProperties) = preSolution
		HideSolutionNode = FALSE
	EndGlobalSection
	GlobalSection(ExtensibilityGlobals) = postSolution
		SolutionGuid = {C12412D7-4104-4A78-A49B-D436AFDB591D}
	EndGlobalSection
EndGlobal
